
Microsoft Visual Studio Solution File, Format Version 12.00
# Visual Studio Version 16
VisualStudioVersion = 16.0.30804.86
MinimumVisualStudioVersion = 10.0.40219.1
Project("{FAE04EC0-301F-11D3-BF4B-00C04F79EFBC}") = "Lab 3 The Beginning", "Lab 3 The Beginning\Lab 3 The Beginning.csproj", "{80127F71-CF50-4C9E-9748-E20B100C29B0}"
EndProject
Global
	GlobalSection(SolutionConfigurationPlatforms) = preSolution
		Debug|Any CPU = Debug|Any CPU
		Release|Any CPU = Release|Any CPU
	EndGlobalSection
	GlobalSection(ProjectConfigurationPlatforms) = postSolution
		{80127F71-CF50-4C9E-9748-E20B100C29B0}.Debug|Any CPU.ActiveCfg = Debug|Any CPU
		{80127F71-CF50-4C9E-9748-E20B100C29B0}.Debug|Any CPU.Build.0 = Debug|Any CPU
		{80127F71-CF50-4C9E-9748-E20B100C29B0}.Release|Any CPU.ActiveCfg = Release|Any CPU
		{80127F71-CF50-4C9E-9748-E20B100C29B0}.Release|Any CPU.Build.0 = Release|Any CPU
	EndGlobalSection
	GlobalSection(SolutionProperties) = preSolution
		HideSolutionNode = FALSE
	EndGlobalSection
	GlobalSection(ExtensibilityGlobals) = postSolution
		SolutionGuid = {59E48120-0656-44FF-B7DB-A024D400F251}
	EndGlobalSection
EndGlobal
